// !$*UTF8*$!
{
	archiveVersion = 1;
	classes = {
	};
	objectVersion = 46;
	objects = {

/* Begin PBXBuildFile section */
		B59FF8D918B68B2C0036B07A /* main.cpp in Sources */ = {isa = PBXBuildFile; fileRef = B59FF8D818B68B2C0036B07A /* main.cpp */; };
		B59FF8DB18B68B2C0036B07A /* Riemann_Lab3.1 in CopyFiles */ = {isa = PBXBuildFile; fileRef = B59FF8DA18B68B2C0036B07A /* Riemann_Lab3.1 */; };
/* End PBXBuildFile section */

/* Begin PBXCopyFilesBuildPhase section */
		B59FF8D318B68B2C0036B07A /* CopyFiles */ = {
			isa = PBXCopyFilesBuildPhase;
			buildActionMask = 2147483647;
			dstPath = /usr/share/man/man1/;
			dstSubfolderSpec = 0;
			files = (
				B59FF8DB18B68B2C0036B07A /* Riemann_Lab3.1 in CopyFiles */,
			);
			runOnlyForDeploymentPostprocessing = 1;
		};
/* End PBXCopyFilesBuildPhase section */

/* Begin PBXFileReference section */
		B59FF8D518B68B2C0036B07A /* Riemann-Lab3 */ = {isa = PBXFileReference; explicitFileType = "compiled.mach-o.executable"; includeInIndex = 0; path = "Riemann-Lab3"; sourceTree = BUILT_PRODUCTS_DIR; };
		B59FF8D818B68B2C0036B07A /* main.cpp */ = {isa = PBXFileReference; lastKnownFileType = sourcecode.cpp.cpp; path = main.cpp; sourceTree = "<group>"; };
		B59FF8DA18B68B2C0036B07A /* Riemann_Lab3.1 */ = {isa = PBXFileReference; lastKnownFileType = text.man; path = Riemann_Lab3.1; sourceTree = "<group>"; };
/* End PBXFileReference section */

/* Begin PBXFrameworksBuildPhase section */
		B59FF8D218B68B2C0036B07A /* Frameworks */ = {
			isa = PBXFrameworksBuildPhase;
			buildActionMask = 2147483647;
			files = (
			);
			runOnlyForDeploymentPostprocessing = 0;
		};
/* End PBXFrameworksBuildPhase section */

/* Begin PBXGroup section */
		B59FF8CC18B68B2C0036B07A = {
			isa = PBXGroup;
			children = (
				B59FF8D718B68B2C0036B07A /* Riemann-Lab3 */,
				B59FF8D618B68B2C0036B07A /* Products */,
			);
			sourceTree = "<group>";
		};
		B59FF8D618B68B2C0036B07A /* Products */ = {
			isa = PBXGroup;
			children = (
				B59FF8D518B68B2C0036B07A /* Riemann-Lab3 */,
			);
			name = Products;
			sourceTree = "<group>";
		};
		B59FF8D718B68B2C0036B07A /* Riemann-Lab3 */ = {
			isa = PBXGroup;
			children = (
				B59FF8D818B68B2C0036B07A /* main.cpp */,
				B59FF8DA18B68B2C0036B07A /* Riemann_Lab3.1 */,
			);
			path = "Riemann-Lab3";
			sourceTree = "<group>";
		};
/* End PBXGroup section */

/* Begin PBXNativeTarget section */
		B59FF8D418B68B2C0036B07A /* Riemann-Lab3 */ = {
			isa = PBXNativeTarget;
			buildConfigurationList = B59FF8DE18B68B2C0036B07A /* Build configuration list for PBXNativeTarget "Riemann-Lab3" */;
			buildPhases = (
				B59FF8D118B68B2C0036B07A /* Sources */,
				B59FF8D218B68B2C0036B07A /* Frameworks */,
				B59FF8D318B68B2C0036B07A /* CopyFiles */,
			);
			buildRules = (
			);
			dependencies = (
			);
			name = "Riemann-Lab3";
			productName = "Riemann-Lab3";
			productReference = B59FF8D518B68B2C0036B07A /* Riemann-Lab3 */;
			productType = "com.apple.product-type.tool";
		};
/* End PBXNativeTarget section */

/* Begin PBXProject section */
		B59FF8CD18B68B2C0036B07A /* Project object */ = {
			isa = PBXProject;
			attributes = {
				LastUpgradeCheck = 0500;
				ORGANIZATIONNAME = "Benjamin Yi";
			};
			buildConfigurationList = B59FF8D018B68B2C0036B07A /* Build configuration list for PBXProject "Riemann-Lab3" */;
			compatibilityVersion = "Xcode 3.2";
			developmentRegion = English;
			hasScannedForEncodings = 0;
			knownRegions = (
				en,
			);
			mainGroup = B59FF8CC18B68B2C0036B07A;
			productRefGroup = B59FF8D618B68B2C0036B07A /* Products */;
			projectDirPath = "";
			projectRoot = "";
			targets = (
				B59FF8D418B68B2C0036B07A /* Riemann-Lab3 */,
			);
		};
/* End PBXProject section */

/* Begin PBXSourcesBuildPhase section */
		B59FF8D118B68B2C0036B07A /* Sources */ = {
			isa = PBXSourcesBuildPhase;
			buildActionMask = 2147483647;
			files = (
				B59FF8D918B68B2C0036B07A /* main.cpp in Sources */,
			);
			runOnlyForDeploymentPostprocessing = 0;
		};
/* End PBXSourcesBuildPhase section */

/* Begin XCBuildConfiguration section */
		B59FF8DC18B68B2C0036B07A /* Debug */ = {
			isa = XCBuildConfiguration;
			buildSettings = {
				ALWAYS_SEARCH_USER_PATHS = NO;
				CLANG_CXX_LANGUAGE_STANDARD = "gnu++0x";
				CLANG_CXX_LIBRARY = "libc++";
				CLANG_ENABLE_OBJC_ARC = YES;
				CLANG_WARN_BOOL_CONVERSION = YES;
				CLANG_WARN_CONSTANT_CONVERSION = YES;
				CLANG_WARN_DIRECT_OBJC_ISA_USAGE = YES_ERROR;
				CLANG_WARN_EMPTY_BODY = YES;
				CLANG_WARN_ENUM_CONVERSION = YES;
				CLANG_WARN_INT_CONVERSION = YES;
				CLANG_WARN_OBJC_ROOT_CLASS = YES_ERROR;
				CLANG_WARN__DUPLICATE_METHOD_MATCH = YES;
				COPY_PHASE_STRIP = NO;
				GCC_C_LANGUAGE_STANDARD = gnu99;
				GCC_DYNAMIC_NO_PIC = NO;
				GCC_ENABLE_OBJC_EXCEPTIONS = YES;
				GCC_OPTIMIZATION_LEVEL = 0;
				GCC_PREPROCESSOR_DEFINITIONS = (
					"DEBUG=1",
					"$(inherited)",
				);
				GCC_SYMBOLS_PRIVATE_EXTERN = NO;
				GCC_WARN_64_TO_32_BIT_CONVERSION = YES;
				GCC_WARN_ABOUT_RETURN_TYPE = YES_ERROR;
				GCC_WARN_UNDECLARED_SELECTOR = YES;
				GCC_WARN_UNINITIALIZED_AUTOS = YES;
				GCC_WARN_UNUSED_FUNCTION = YES;
				GCC_WARN_UNUSED_VARIABLE = YES;
				MACOSX_DEPLOYMENT_TARGET = 10.9;
				ONLY_ACTIVE_ARCH = YES;
				SDKROOT = macosx;
			};
			name = Debug;
		};
		B59FF8DD18B68B2C0036B07A /* Release */ = {
			isa = XCBuildConfiguration;
			buildSettings = {
				ALWAYS_SEARCH_USER_PATHS = NO;
				CLANG_CXX_LANGUAGE_STANDARD = "gnu++0x";
				CLANG_CXX_LIBRARY = "libc++";
				CLANG_ENABLE_OBJC_ARC = YES;
				CLANG_WARN_BOOL_CONVERSION = YES;
				CLANG_WARN_CONSTANT_CONVERSION = YES;
				CLANG_WARN_DIRECT_OBJC_ISA_USAGE = YES_ERROR;
				CLANG_WARN_EMPTY_BODY = YES;
				CLANG_WARN_ENUM_CONVERSION = YES;
				CLANG_WARN_INT_CONVERSION = YES;
				CLANG_WARN_OBJC_ROOT_CLASS = YES_ERROR;
				CLANG_WARN__DUPLICATE_METHOD_MATCH = YES;
				COPY_PHASE_STRIP = YES;
				DEBUG_INFORMATION_FORMAT = "dwarf-with-dsym";
				ENABLE_NS_ASSERTIONS = NO;
				GCC_C_LANGUAGE_STANDARD = gnu99;
				GCC_ENABLE_OBJC_EXCEPTIONS = YES;
				GCC_WARN_64_TO_32_BIT_CONVERSION = YES;
				GCC_WARN_ABOUT_RETURN_TYPE = YES_ERROR;
				GCC_WARN_UNDECLARED_SELECTOR = YES;
				GCC_WARN_UNINITIALIZED_AUTOS = YES;
				GCC_WARN_UNUSED_FUNCTION = YES;
				GCC_WARN_UNUSED_VARIABLE = YES;
				MACOSX_DEPLOYMENT_TARGET = 10.9;
				SDKROOT = macosx;
			};
			name = Release;
		};
		B59FF8DF18B68B2C0036B07A /* Debug */ = {
			isa = XCBuildConfiguration;
			buildSettings = {
				PRODUCT_NAME = "$(TARGET_NAME)";
			};
			name = Debug;
		};
		B59FF8E018B68B2C0036B07A /* Release */ = {
			isa = XCBuildConfiguration;
			buildSettings = {
				PRODUCT_NAME = "$(TARGET_NAME)";
			};
			name = Release;
		};
/* End XCBuildConfiguration section */

/* Begin XCConfigurationList section */
		B59FF8D018B68B2C0036B07A /* Build configuration list for PBXProject "Riemann-Lab3" */ = {
			isa = XCConfigurationList;
			buildConfigurations = (
				B59FF8DC18B68B2C0036B07A /* Debug */,
				B59FF8DD18B68B2C0036B07A /* Release */,
			);
			defaultConfigurationIsVisible = 0;
			defaultConfigurationName = Release;
		};
		B59FF8DE18B68B2C0036B07A /* Build configuration list for PBXNativeTarget "Riemann-Lab3" */ = {
			isa = XCConfigurationList;
			buildConfigurations = (
				B59FF8DF18B68B2C0036B07A /* Debug */,
				B59FF8E018B68B2C0036B07A /* Release */,
			);
			defaultConfigurationIsVisible = 0;
		};
/* End XCConfigurationList section */
	};
	rootObject = B59FF8CD18B68B2C0036B07A /* Project object */;
}
